PODS:
  - GPBonusSDK (2.0.2):
    - SwiftProtobuf (~> 1.14.0)
  - SwiftProtobuf (1.14.0)

DEPENDENCIES:
  - GPBonusSDK (from `../`)

SPEC REPOS:
  trunk:
    - SwiftProtobuf

EXTERNAL SOURCES:
  GPBonusSDK:
    :path: "../"

SPEC CHECKSUMS:
  GPBonusSDK: 8ebdc32789a29a3e98724e683b655547f13b9fe0
  SwiftProtobuf: ed465ed18402f998fd117f631da27e0168e6b59c

PODFILE CHECKSUM: 3c73ac9aac1f862646b280aa7f07de7eace745dc

COCOAPODS: 1.16.2
