PODS:
  - GPBonusSDK (2.0.0):
    - SwiftProtobuf (~> 1.14.0)
  - SwiftProtobuf (1.14.0)

DEPENDENCIES:
  - GPBonusSDK (from `../`)

SPEC REPOS:
  trunk:
    - SwiftProtobuf

EXTERNAL SOURCES:
  GPBonusSDK:
    :path: "../"

SPEC CHECKSUMS:
  GPBonusSDK: 08cdb05b41d7d66a671f6bf872f115bb3cf37bb7
  SwiftProtobuf: ed465ed18402f998fd117f631da27e0168e6b59c

PODFILE CHECKSUM: 3c73ac9aac1f862646b280aa7f07de7eace745dc

COCOAPODS: 1.12.1
