// !$*UTF8*$!
{
	archiveVersion = 1;
	classes = {
	};
	objectVersion = 56;
	objects = {

/* Begin PBXBuildFile section */
		BCC5EDA02AB0A77A00AC767F /* AppDelegate.swift in Sources */ = {isa = PBXBuildFile; fileRef = BCC5ED9F2AB0A77A00AC767F /* AppDelegate.swift */; };
		BCC5EDA22AB0A77A00AC767F /* SceneDelegate.swift in Sources */ = {isa = PBXBuildFile; fileRef = BCC5EDA12AB0A77A00AC767F /* SceneDelegate.swift */; };
		BCC5EDA42AB0A77A00AC767F /* ViewController.swift in Sources */ = {isa = PBXBuildFile; fileRef = BCC5EDA32AB0A77A00AC767F /* ViewController.swift */; };
		BCC5EDA72AB0A77A00AC767F /* Main.storyboard in Resources */ = {isa = PBXBuildFile; fileRef = BCC5EDA52AB0A77A00AC767F /* Main.storyboard */; };
		BCC5EDA92AB0A77B00AC767F /* Assets.xcassets in Resources */ = {isa = PBXBuildFile; fileRef = BCC5EDA82AB0A77B00AC767F /* Assets.xcassets */; };
		BCC5EDAC2AB0A77B00AC767F /* LaunchScreen.storyboard in Resources */ = {isa = PBXBuildFile; fileRef = BCC5EDAA2AB0A77B00AC767F /* LaunchScreen.storyboard */; };
		BCD5B2B32AB32908006E28E3 /* WidgetViewController.swift in Sources */ = {isa = PBXBuildFile; fileRef = BCD5B2B22AB32908006E28E3 /* WidgetViewController.swift */; };
		FDAB94DA36C258D289D76628 /* Pods_GazpromBonusSDK.framework in Frameworks */ = {isa = PBXBuildFile; fileRef = 15F75C2117B5E2FAAE4BE554 /* Pods_GazpromBonusSDK.framework */; };
/* End PBXBuildFile section */

/* Begin PBXFileReference section */
		15F75C2117B5E2FAAE4BE554 /* Pods_GazpromBonusSDK.framework */ = {isa = PBXFileReference; explicitFileType = wrapper.framework; includeInIndex = 0; path = Pods_GazpromBonusSDK.framework; sourceTree = BUILT_PRODUCTS_DIR; };
		3B4F9808522E1E8E9483F79F /* Pods-GazpromBonusSDK.release.xcconfig */ = {isa = PBXFileReference; includeInIndex = 1; lastKnownFileType = text.xcconfig; name = "Pods-GazpromBonusSDK.release.xcconfig"; path = "Target Support Files/Pods-GazpromBonusSDK/Pods-GazpromBonusSDK.release.xcconfig"; sourceTree = "<group>"; };
		4A17483B5AFEE3EE49D7D3FD /* Pods-GazpromBonusSDK.debug.xcconfig */ = {isa = PBXFileReference; includeInIndex = 1; lastKnownFileType = text.xcconfig; name = "Pods-GazpromBonusSDK.debug.xcconfig"; path = "Target Support Files/Pods-GazpromBonusSDK/Pods-GazpromBonusSDK.debug.xcconfig"; sourceTree = "<group>"; };
		B88DF037DA59DB0255F1D639 /* Pods-GazpromBonus SDK.release.xcconfig */ = {isa = PBXFileReference; includeInIndex = 1; lastKnownFileType = text.xcconfig; name = "Pods-GazpromBonus SDK.release.xcconfig"; path = "Target Support Files/Pods-GazpromBonus SDK/Pods-GazpromBonus SDK.release.xcconfig"; sourceTree = "<group>"; };
		BCC5ED9C2AB0A77A00AC767F /* GazpromBonusSDK.app */ = {isa = PBXFileReference; explicitFileType = wrapper.application; includeInIndex = 0; path = GazpromBonusSDK.app; sourceTree = BUILT_PRODUCTS_DIR; };
		BCC5ED9F2AB0A77A00AC767F /* AppDelegate.swift */ = {isa = PBXFileReference; lastKnownFileType = sourcecode.swift; path = AppDelegate.swift; sourceTree = "<group>"; };
		BCC5EDA12AB0A77A00AC767F /* SceneDelegate.swift */ = {isa = PBXFileReference; lastKnownFileType = sourcecode.swift; path = SceneDelegate.swift; sourceTree = "<group>"; };
		BCC5EDA32AB0A77A00AC767F /* ViewController.swift */ = {isa = PBXFileReference; lastKnownFileType = sourcecode.swift; path = ViewController.swift; sourceTree = "<group>"; };
		BCC5EDA62AB0A77A00AC767F /* Base */ = {isa = PBXFileReference; lastKnownFileType = file.storyboard; name = Base; path = Base.lproj/Main.storyboard; sourceTree = "<group>"; };
		BCC5EDA82AB0A77B00AC767F /* Assets.xcassets */ = {isa = PBXFileReference; lastKnownFileType = folder.assetcatalog; path = Assets.xcassets; sourceTree = "<group>"; };
		BCC5EDAB2AB0A77B00AC767F /* Base */ = {isa = PBXFileReference; lastKnownFileType = file.storyboard; name = Base; path = Base.lproj/LaunchScreen.storyboard; sourceTree = "<group>"; };
		BCC5EDAD2AB0A77B00AC767F /* Info.plist */ = {isa = PBXFileReference; lastKnownFileType = text.plist.xml; path = Info.plist; sourceTree = "<group>"; };
		BCD5B2B22AB32908006E28E3 /* WidgetViewController.swift */ = {isa = PBXFileReference; lastKnownFileType = sourcecode.swift; path = WidgetViewController.swift; sourceTree = "<group>"; };
		DFEF415D1B51F6F83724188F /* Pods-GazpromBonus SDK.debug.xcconfig */ = {isa = PBXFileReference; includeInIndex = 1; lastKnownFileType = text.xcconfig; name = "Pods-GazpromBonus SDK.debug.xcconfig"; path = "Target Support Files/Pods-GazpromBonus SDK/Pods-GazpromBonus SDK.debug.xcconfig"; sourceTree = "<group>"; };
/* End PBXFileReference section */

/* Begin PBXFrameworksBuildPhase section */
		BCC5ED992AB0A77A00AC767F /* Frameworks */ = {
			isa = PBXFrameworksBuildPhase;
			buildActionMask = 2147483647;
			files = (
				FDAB94DA36C258D289D76628 /* Pods_GazpromBonusSDK.framework in Frameworks */,
			);
			runOnlyForDeploymentPostprocessing = 0;
		};
/* End PBXFrameworksBuildPhase section */

/* Begin PBXGroup section */
		197ABF12D9FA816CA7E32686 /* Frameworks */ = {
			isa = PBXGroup;
			children = (
				15F75C2117B5E2FAAE4BE554 /* Pods_GazpromBonusSDK.framework */,
			);
			name = Frameworks;
			sourceTree = "<group>";
		};
		3F84C86A9DD548B579B23443 /* Pods */ = {
			isa = PBXGroup;
			children = (
				DFEF415D1B51F6F83724188F /* Pods-GazpromBonus SDK.debug.xcconfig */,
				B88DF037DA59DB0255F1D639 /* Pods-GazpromBonus SDK.release.xcconfig */,
				4A17483B5AFEE3EE49D7D3FD /* Pods-GazpromBonusSDK.debug.xcconfig */,
				3B4F9808522E1E8E9483F79F /* Pods-GazpromBonusSDK.release.xcconfig */,
			);
			path = Pods;
			sourceTree = "<group>";
		};
		BCC5ED932AB0A77A00AC767F = {
			isa = PBXGroup;
			children = (
				BCC5ED9E2AB0A77A00AC767F /* GazpromBonusSDK */,
				BCC5ED9D2AB0A77A00AC767F /* Products */,
				3F84C86A9DD548B579B23443 /* Pods */,
				197ABF12D9FA816CA7E32686 /* Frameworks */,
			);
			sourceTree = "<group>";
		};
		BCC5ED9D2AB0A77A00AC767F /* Products */ = {
			isa = PBXGroup;
			children = (
				BCC5ED9C2AB0A77A00AC767F /* GazpromBonusSDK.app */,
			);
			name = Products;
			sourceTree = "<group>";
		};
		BCC5ED9E2AB0A77A00AC767F /* GazpromBonusSDK */ = {
			isa = PBXGroup;
			children = (
				BCC5ED9F2AB0A77A00AC767F /* AppDelegate.swift */,
				BCC5EDA12AB0A77A00AC767F /* SceneDelegate.swift */,
				BCC5EDA32AB0A77A00AC767F /* ViewController.swift */,
				BCC5EDA52AB0A77A00AC767F /* Main.storyboard */,
				BCC5EDA82AB0A77B00AC767F /* Assets.xcassets */,
				BCC5EDAA2AB0A77B00AC767F /* LaunchScreen.storyboard */,
				BCC5EDAD2AB0A77B00AC767F /* Info.plist */,
				BCD5B2B22AB32908006E28E3 /* WidgetViewController.swift */,
			);
			path = GazpromBonusSDK;
			sourceTree = "<group>";
		};
/* End PBXGroup section */

/* Begin PBXNativeTarget section */
		BCC5ED9B2AB0A77A00AC767F /* GazpromBonusSDK */ = {
			isa = PBXNativeTarget;
			buildConfigurationList = BCC5EDB02AB0A77B00AC767F /* Build configuration list for PBXNativeTarget "GazpromBonusSDK" */;
			buildPhases = (
				3F084126456047C7F5B899E7 /* [CP] Check Pods Manifest.lock */,
				BCC5ED982AB0A77A00AC767F /* Sources */,
				BCC5ED992AB0A77A00AC767F /* Frameworks */,
				BCC5ED9A2AB0A77A00AC767F /* Resources */,
				1CFC15B977D00A35DC3DFFEB /* [CP] Embed Pods Frameworks */,
			);
			buildRules = (
			);
			dependencies = (
			);
			name = GazpromBonusSDK;
			productName = GazpromBonusSDK;
			productReference = BCC5ED9C2AB0A77A00AC767F /* GazpromBonusSDK.app */;
			productType = "com.apple.product-type.application";
		};
/* End PBXNativeTarget section */

/* Begin PBXProject section */
		BCC5ED942AB0A77A00AC767F /* Project object */ = {
			isa = PBXProject;
			attributes = {
				BuildIndependentTargetsInParallel = 1;
				LastSwiftUpdateCheck = 1430;
				LastUpgradeCheck = 1430;
				TargetAttributes = {
					BCC5ED9B2AB0A77A00AC767F = {
						CreatedOnToolsVersion = 14.3.1;
					};
				};
			};
			buildConfigurationList = BCC5ED972AB0A77A00AC767F /* Build configuration list for PBXProject "GazpromBonusSDK" */;
			compatibilityVersion = "Xcode 14.0";
			developmentRegion = en;
			hasScannedForEncodings = 0;
			knownRegions = (
				en,
				Base,
			);
			mainGroup = BCC5ED932AB0A77A00AC767F;
			productRefGroup = BCC5ED9D2AB0A77A00AC767F /* Products */;
			projectDirPath = "";
			projectRoot = "";
			targets = (
				BCC5ED9B2AB0A77A00AC767F /* GazpromBonusSDK */,
			);
		};
/* End PBXProject section */

/* Begin PBXResourcesBuildPhase section */
		BCC5ED9A2AB0A77A00AC767F /* Resources */ = {
			isa = PBXResourcesBuildPhase;
			buildActionMask = 2147483647;
			files = (
				BCC5EDAC2AB0A77B00AC767F /* LaunchScreen.storyboard in Resources */,
				BCC5EDA92AB0A77B00AC767F /* Assets.xcassets in Resources */,
				BCC5EDA72AB0A77A00AC767F /* Main.storyboard in Resources */,
			);
			runOnlyForDeploymentPostprocessing = 0;
		};
/* End PBXResourcesBuildPhase section */

/* Begin PBXShellScriptBuildPhase section */
		1CFC15B977D00A35DC3DFFEB /* [CP] Embed Pods Frameworks */ = {
			isa = PBXShellScriptBuildPhase;
			buildActionMask = 2147483647;
			files = (
			);
			inputFileListPaths = (
				"${PODS_ROOT}/Target Support Files/Pods-GazpromBonusSDK/Pods-GazpromBonusSDK-frameworks-${CONFIGURATION}-input-files.xcfilelist",
			);
			name = "[CP] Embed Pods Frameworks";
			outputFileListPaths = (
				"${PODS_ROOT}/Target Support Files/Pods-GazpromBonusSDK/Pods-GazpromBonusSDK-frameworks-${CONFIGURATION}-output-files.xcfilelist",
			);
			runOnlyForDeploymentPostprocessing = 0;
			shellPath = /bin/sh;
			shellScript = "\"${PODS_ROOT}/Target Support Files/Pods-GazpromBonusSDK/Pods-GazpromBonusSDK-frameworks.sh\"\n";
			showEnvVarsInLog = 0;
		};
		3F084126456047C7F5B899E7 /* [CP] Check Pods Manifest.lock */ = {
			isa = PBXShellScriptBuildPhase;
			buildActionMask = 2147483647;
			files = (
			);
			inputFileListPaths = (
			);
			inputPaths = (
				"${PODS_PODFILE_DIR_PATH}/Podfile.lock",
				"${PODS_ROOT}/Manifest.lock",
			);
			name = "[CP] Check Pods Manifest.lock";
			outputFileListPaths = (
			);
			outputPaths = (
				"$(DERIVED_FILE_DIR)/Pods-GazpromBonusSDK-checkManifestLockResult.txt",
			);
			runOnlyForDeploymentPostprocessing = 0;
			shellPath = /bin/sh;
			shellScript = "diff \"${PODS_PODFILE_DIR_PATH}/Podfile.lock\" \"${PODS_ROOT}/Manifest.lock\" > /dev/null\nif [ $? != 0 ] ; then\n    # print error to STDERR\n    echo \"error: The sandbox is not in sync with the Podfile.lock. Run 'pod install' or update your CocoaPods installation.\" >&2\n    exit 1\nfi\n# This output is used by Xcode 'outputs' to avoid re-running this script phase.\necho \"SUCCESS\" > \"${SCRIPT_OUTPUT_FILE_0}\"\n";
			showEnvVarsInLog = 0;
		};
/* End PBXShellScriptBuildPhase section */

/* Begin PBXSourcesBuildPhase section */
		BCC5ED982AB0A77A00AC767F /* Sources */ = {
			isa = PBXSourcesBuildPhase;
			buildActionMask = 2147483647;
			files = (
				BCD5B2B32AB32908006E28E3 /* WidgetViewController.swift in Sources */,
				BCC5EDA42AB0A77A00AC767F /* ViewController.swift in Sources */,
				BCC5EDA02AB0A77A00AC767F /* AppDelegate.swift in Sources */,
				BCC5EDA22AB0A77A00AC767F /* SceneDelegate.swift in Sources */,
			);
			runOnlyForDeploymentPostprocessing = 0;
		};
/* End PBXSourcesBuildPhase section */

/* Begin PBXVariantGroup section */
		BCC5EDA52AB0A77A00AC767F /* Main.storyboard */ = {
			isa = PBXVariantGroup;
			children = (
				BCC5EDA62AB0A77A00AC767F /* Base */,
			);
			name = Main.storyboard;
			sourceTree = "<group>";
		};
		BCC5EDAA2AB0A77B00AC767F /* LaunchScreen.storyboard */ = {
			isa = PBXVariantGroup;
			children = (
				BCC5EDAB2AB0A77B00AC767F /* Base */,
			);
			name = LaunchScreen.storyboard;
			sourceTree = "<group>";
		};
/* End PBXVariantGroup section */

/* Begin XCBuildConfiguration section */
		BCC5EDAE2AB0A77B00AC767F /* Debug */ = {
			isa = XCBuildConfiguration;
			buildSettings = {
				ALWAYS_SEARCH_USER_PATHS = NO;
				CLANG_ANALYZER_NONNULL = YES;
				CLANG_ANALYZER_NUMBER_OBJECT_CONVERSION = YES_AGGRESSIVE;
				CLANG_CXX_LANGUAGE_STANDARD = "gnu++20";
				CLANG_ENABLE_MODULES = YES;
				CLANG_ENABLE_OBJC_ARC = YES;
				CLANG_ENABLE_OBJC_WEAK = YES;
				CLANG_WARN_BLOCK_CAPTURE_AUTORELEASING = YES;
				CLANG_WARN_BOOL_CONVERSION = YES;
				CLANG_WARN_COMMA = YES;
				CLANG_WARN_CONSTANT_CONVERSION = YES;
				CLANG_WARN_DEPRECATED_OBJC_IMPLEMENTATIONS = YES;
				CLANG_WARN_DIRECT_OBJC_ISA_USAGE = YES_ERROR;
				CLANG_WARN_DOCUMENTATION_COMMENTS = YES;
				CLANG_WARN_EMPTY_BODY = YES;
				CLANG_WARN_ENUM_CONVERSION = YES;
				CLANG_WARN_INFINITE_RECURSION = YES;
				CLANG_WARN_INT_CONVERSION = YES;
				CLANG_WARN_NON_LITERAL_NULL_CONVERSION = YES;
				CLANG_WARN_OBJC_IMPLICIT_RETAIN_SELF = YES;
				CLANG_WARN_OBJC_LITERAL_CONVERSION = YES;
				CLANG_WARN_OBJC_ROOT_CLASS = YES_ERROR;
				CLANG_WARN_QUOTED_INCLUDE_IN_FRAMEWORK_HEADER = YES;
				CLANG_WARN_RANGE_LOOP_ANALYSIS = YES;
				CLANG_WARN_STRICT_PROTOTYPES = YES;
				CLANG_WARN_SUSPICIOUS_MOVE = YES;
				CLANG_WARN_UNGUARDED_AVAILABILITY = YES_AGGRESSIVE;
				CLANG_WARN_UNREACHABLE_CODE = YES;
				CLANG_WARN__DUPLICATE_METHOD_MATCH = YES;
				COPY_PHASE_STRIP = NO;
				DEBUG_INFORMATION_FORMAT = dwarf;
				ENABLE_STRICT_OBJC_MSGSEND = YES;
				ENABLE_TESTABILITY = YES;
				GCC_C_LANGUAGE_STANDARD = gnu11;
				GCC_DYNAMIC_NO_PIC = NO;
				GCC_NO_COMMON_BLOCKS = YES;
				GCC_OPTIMIZATION_LEVEL = 0;
				GCC_PREPROCESSOR_DEFINITIONS = (
					"DEBUG=1",
					"$(inherited)",
				);
				GCC_WARN_64_TO_32_BIT_CONVERSION = YES;
				GCC_WARN_ABOUT_RETURN_TYPE = YES_ERROR;
				GCC_WARN_UNDECLARED_SELECTOR = YES;
				GCC_WARN_UNINITIALIZED_AUTOS = YES_AGGRESSIVE;
				GCC_WARN_UNUSED_FUNCTION = YES;
				GCC_WARN_UNUSED_VARIABLE = YES;
				IPHONEOS_DEPLOYMENT_TARGET = 16.4;
				MTL_ENABLE_DEBUG_INFO = INCLUDE_SOURCE;
				MTL_FAST_MATH = YES;
				ONLY_ACTIVE_ARCH = YES;
				SDKROOT = iphoneos;
				SWIFT_ACTIVE_COMPILATION_CONDITIONS = DEBUG;
				SWIFT_OPTIMIZATION_LEVEL = "-Onone";
			};
			name = Debug;
		};
		BCC5EDAF2AB0A77B00AC767F /* Release */ = {
			isa = XCBuildConfiguration;
			buildSettings = {
				ALWAYS_SEARCH_USER_PATHS = NO;
				CLANG_ANALYZER_NONNULL = YES;
				CLANG_ANALYZER_NUMBER_OBJECT_CONVERSION = YES_AGGRESSIVE;
				CLANG_CXX_LANGUAGE_STANDARD = "gnu++20";
				CLANG_ENABLE_MODULES = YES;
				CLANG_ENABLE_OBJC_ARC = YES;
				CLANG_ENABLE_OBJC_WEAK = YES;
				CLANG_WARN_BLOCK_CAPTURE_AUTORELEASING = YES;
				CLANG_WARN_BOOL_CONVERSION = YES;
				CLANG_WARN_COMMA = YES;
				CLANG_WARN_CONSTANT_CONVERSION = YES;
				CLANG_WARN_DEPRECATED_OBJC_IMPLEMENTATIONS = YES;
				CLANG_WARN_DIRECT_OBJC_ISA_USAGE = YES_ERROR;
				CLANG_WARN_DOCUMENTATION_COMMENTS = YES;
				CLANG_WARN_EMPTY_BODY = YES;
				CLANG_WARN_ENUM_CONVERSION = YES;
				CLANG_WARN_INFINITE_RECURSION = YES;
				CLANG_WARN_INT_CONVERSION = YES;
				CLANG_WARN_NON_LITERAL_NULL_CONVERSION = YES;
				CLANG_WARN_OBJC_IMPLICIT_RETAIN_SELF = YES;
				CLANG_WARN_OBJC_LITERAL_CONVERSION = YES;
				CLANG_WARN_OBJC_ROOT_CLASS = YES_ERROR;
				CLANG_WARN_QUOTED_INCLUDE_IN_FRAMEWORK_HEADER = YES;
				CLANG_WARN_RANGE_LOOP_ANALYSIS = YES;
				CLANG_WARN_STRICT_PROTOTYPES = YES;
				CLANG_WARN_SUSPICIOUS_MOVE = YES;
				CLANG_WARN_UNGUARDED_AVAILABILITY = YES_AGGRESSIVE;
				CLANG_WARN_UNREACHABLE_CODE = YES;
				CLANG_WARN__DUPLICATE_METHOD_MATCH = YES;
				COPY_PHASE_STRIP = NO;
				DEBUG_INFORMATION_FORMAT = "dwarf-with-dsym";
				ENABLE_NS_ASSERTIONS = NO;
				ENABLE_STRICT_OBJC_MSGSEND = YES;
				GCC_C_LANGUAGE_STANDARD = gnu11;
				GCC_NO_COMMON_BLOCKS = YES;
				GCC_WARN_64_TO_32_BIT_CONVERSION = YES;
				GCC_WARN_ABOUT_RETURN_TYPE = YES_ERROR;
				GCC_WARN_UNDECLARED_SELECTOR = YES;
				GCC_WARN_UNINITIALIZED_AUTOS = YES_AGGRESSIVE;
				GCC_WARN_UNUSED_FUNCTION = YES;
				GCC_WARN_UNUSED_VARIABLE = YES;
				IPHONEOS_DEPLOYMENT_TARGET = 16.4;
				MTL_ENABLE_DEBUG_INFO = NO;
				MTL_FAST_MATH = YES;
				SDKROOT = iphoneos;
				SWIFT_COMPILATION_MODE = wholemodule;
				SWIFT_OPTIMIZATION_LEVEL = "-O";
				VALIDATE_PRODUCT = YES;
			};
			name = Release;
		};
		BCC5EDB12AB0A77B00AC767F /* Debug */ = {
			isa = XCBuildConfiguration;
			baseConfigurationReference = 4A17483B5AFEE3EE49D7D3FD /* Pods-GazpromBonusSDK.debug.xcconfig */;
			buildSettings = {
				ASSETCATALOG_COMPILER_APPICON_NAME = AppIcon;
				ASSETCATALOG_COMPILER_GLOBAL_ACCENT_COLOR_NAME = AccentColor;
				CODE_SIGN_STYLE = Automatic;
				CURRENT_PROJECT_VERSION = 2;
				DEVELOPMENT_TEAM = 3V7NW97R8C;
				FRAMEWORK_SEARCH_PATHS = (
					"$(inherited)",
					"$(PROJECT_DIR)/Frameworks",
					"$(PROJECT_DIR)/Frameworks/build/universal",
					"$(PROJECT_DIR)/Frameworks/build/simulator",
					"$(PROJECT_DIR)/Frameworks/build/devices",
				);
				GENERATE_INFOPLIST_FILE = YES;
				INFOPLIST_FILE = GazpromBonusSDK/Info.plist;
				INFOPLIST_KEY_CFBundleDisplayName = "GPBonusSDK Demo";
				INFOPLIST_KEY_UIApplicationSupportsIndirectInputEvents = YES;
				INFOPLIST_KEY_UILaunchStoryboardName = LaunchScreen;
				INFOPLIST_KEY_UIMainStoryboardFile = Main;
				INFOPLIST_KEY_UISupportedInterfaceOrientations_iPad = "UIInterfaceOrientationPortrait UIInterfaceOrientationPortraitUpsideDown UIInterfaceOrientationLandscapeLeft UIInterfaceOrientationLandscapeRight";
				INFOPLIST_KEY_UISupportedInterfaceOrientations_iPhone = "UIInterfaceOrientationPortrait UIInterfaceOrientationLandscapeLeft UIInterfaceOrientationLandscapeRight";
				IPHONEOS_DEPLOYMENT_TARGET = 13.0;
				LD_RUNPATH_SEARCH_PATHS = (
					"$(inherited)",
					"@executable_path/Frameworks",
				);
				MARKETING_VERSION = 2.0.1;
				PRODUCT_BUNDLE_IDENTIFIER = ru.pnhub.partnerapplication;
				PRODUCT_NAME = "$(TARGET_NAME)";
				SWIFT_EMIT_LOC_STRINGS = YES;
				SWIFT_VERSION = 5.0;
				TARGETED_DEVICE_FAMILY = "1,2";
			};
			name = Debug;
		};
		BCC5EDB22AB0A77B00AC767F /* Release */ = {
			isa = XCBuildConfiguration;
			baseConfigurationReference = 3B4F9808522E1E8E9483F79F /* Pods-GazpromBonusSDK.release.xcconfig */;
			buildSettings = {
				ASSETCATALOG_COMPILER_APPICON_NAME = AppIcon;
				ASSETCATALOG_COMPILER_GLOBAL_ACCENT_COLOR_NAME = AccentColor;
				CODE_SIGN_STYLE = Automatic;
				CURRENT_PROJECT_VERSION = 2;
				DEVELOPMENT_TEAM = 3V7NW97R8C;
				FRAMEWORK_SEARCH_PATHS = (
					"$(inherited)",
					"$(PROJECT_DIR)/Frameworks",
					"$(PROJECT_DIR)/Frameworks/build/universal",
					"$(PROJECT_DIR)/Frameworks/build/simulator",
					"$(PROJECT_DIR)/Frameworks/build/devices",
				);
				GENERATE_INFOPLIST_FILE = YES;
				INFOPLIST_FILE = GazpromBonusSDK/Info.plist;
				INFOPLIST_KEY_CFBundleDisplayName = "GPBonusSDK Demo";
				INFOPLIST_KEY_UIApplicationSupportsIndirectInputEvents = YES;
				INFOPLIST_KEY_UILaunchStoryboardName = LaunchScreen;
				INFOPLIST_KEY_UIMainStoryboardFile = Main;
				INFOPLIST_KEY_UISupportedInterfaceOrientations_iPad = "UIInterfaceOrientationPortrait UIInterfaceOrientationPortraitUpsideDown UIInterfaceOrientationLandscapeLeft UIInterfaceOrientationLandscapeRight";
				INFOPLIST_KEY_UISupportedInterfaceOrientations_iPhone = "UIInterfaceOrientationPortrait UIInterfaceOrientationLandscapeLeft UIInterfaceOrientationLandscapeRight";
				IPHONEOS_DEPLOYMENT_TARGET = 13.0;
				LD_RUNPATH_SEARCH_PATHS = (
					"$(inherited)",
					"@executable_path/Frameworks",
				);
				MARKETING_VERSION = 2.0.1;
				PRODUCT_BUNDLE_IDENTIFIER = ru.pnhub.partnerapplication;
				PRODUCT_NAME = "$(TARGET_NAME)";
				SWIFT_EMIT_LOC_STRINGS = YES;
				SWIFT_VERSION = 5.0;
				TARGETED_DEVICE_FAMILY = "1,2";
			};
			name = Release;
		};
/* End XCBuildConfiguration section */

/* Begin XCConfigurationList section */
		BCC5ED972AB0A77A00AC767F /* Build configuration list for PBXProject "GazpromBonusSDK" */ = {
			isa = XCConfigurationList;
			buildConfigurations = (
				BCC5EDAE2AB0A77B00AC767F /* Debug */,
				BCC5EDAF2AB0A77B00AC767F /* Release */,
			);
			defaultConfigurationIsVisible = 0;
			defaultConfigurationName = Release;
		};
		BCC5EDB02AB0A77B00AC767F /* Build configuration list for PBXNativeTarget "GazpromBonusSDK" */ = {
			isa = XCConfigurationList;
			buildConfigurations = (
				BCC5EDB12AB0A77B00AC767F /* Debug */,
				BCC5EDB22AB0A77B00AC767F /* Release */,
			);
			defaultConfigurationIsVisible = 0;
			defaultConfigurationName = Release;
		};
/* End XCConfigurationList section */
	};
	rootObject = BCC5ED942AB0A77A00AC767F /* Project object */;
}
